
Microsoft Visual Studio Solution File, Format Version 12.00
# Visual Studio Version 17
VisualStudioVersion = 17.0.31903.59
MinimumVisualStudioVersion = 10.0.40219.1
Project("{2150E333-8FDC-42A3-9474-1A3956D46DE8}") = "src", "src", "{37D13831-E887-4CA0-860C-0B31A497E905}"
EndProject
Project("{FAE04EC0-301F-11D3-BF4B-00C04F79EFBC}") = "PdfMetadataExtractor", "src\PdfMetadataExtractor\PdfMetadataExtractor.csproj", "{4E0A85D5-CD1F-4B9D-A2CE-03862B41665B}"
EndProject
Project("{2150E333-8FDC-42A3-9474-1A3956D46DE8}") = "tests", "tests", "{1536B351-E2D9-4A82-A8B1-973F640CB691}"
EndProject
Project("{FAE04EC0-301F-11D3-BF4B-00C04F79EFBC}") = "PdfMetadataExtractor.Tests", "tests\PdfMetadataExtractor.Tests\PdfMetadataExtractor.Tests.csproj", "{AC50C9F5-37AC-4A04-9BAF-D4275D4AABC0}"
EndProject
Global
	GlobalSection(SolutionConfigurationPlatforms) = preSolution
		Debug|Any CPU = Debug|Any CPU
		Release|Any CPU = Release|Any CPU
	EndGlobalSection
	GlobalSection(SolutionProperties) = preSolution
		HideSolutionNode = FALSE
	EndGlobalSection
	GlobalSection(ProjectConfigurationPlatforms) = postSolution
		{4E0A85D5-CD1F-4B9D-A2CE-03862B41665B}.Debug|Any CPU.ActiveCfg = Debug|Any CPU
		{4E0A85D5-CD1F-4B9D-A2CE-03862B41665B}.Debug|Any CPU.Build.0 = Debug|Any CPU
		{4E0A85D5-CD1F-4B9D-A2CE-03862B41665B}.Release|Any CPU.ActiveCfg = Release|Any CPU
		{4E0A85D5-CD1F-4B9D-A2CE-03862B41665B}.Release|Any CPU.Build.0 = Release|Any CPU
		{AC50C9F5-37AC-4A04-9BAF-D4275D4AABC0}.Debug|Any CPU.ActiveCfg = Debug|Any CPU
		{AC50C9F5-37AC-4A04-9BAF-D4275D4AABC0}.Debug|Any CPU.Build.0 = Debug|Any CPU
		{AC50C9F5-37AC-4A04-9BAF-D4275D4AABC0}.Release|Any CPU.ActiveCfg = Release|Any CPU
		{AC50C9F5-37AC-4A04-9BAF-D4275D4AABC0}.Release|Any CPU.Build.0 = Release|Any CPU
	EndGlobalSection
	GlobalSection(NestedProjects) = preSolution
		{4E0A85D5-CD1F-4B9D-A2CE-03862B41665B} = {37D13831-E887-4CA0-860C-0B31A497E905}
		{AC50C9F5-37AC-4A04-9BAF-D4275D4AABC0} = {1536B351-E2D9-4A82-A8B1-973F640CB691}
	EndGlobalSection
EndGlobal
